
Microsoft Visual Studio Solution File, Format Version 12.00
# Visual Studio Version 17
VisualStudioVersion = 17.2.32602.215
MinimumVisualStudioVersion = 10.0.40219.1
Project("{FAE04EC0-301F-11D3-BF4B-00C04F79EFBC}") = "Awaker", "Awaker.csproj", "{BA535229-47CB-4025-8B72-800D70F8CEE7}"
EndProject
Global
	GlobalSection(SolutionConfigurationPlatforms) = preSolution
		Debug|Any CPU = Debug|Any CPU
		Release|Any CPU = Release|Any CPU
	EndGlobalSection
	GlobalSection(ProjectConfigurationPlatforms) = postSolution
		{BA535229-47CB-4025-8B72-800D70F8CEE7}.Debug|Any CPU.ActiveCfg = Debug|Any CPU
		{BA535229-47CB-4025-8B72-800D70F8CEE7}.Debug|Any CPU.Build.0 = Debug|Any CPU
		{BA535229-47CB-4025-8B72-800D70F8CEE7}.Release|Any CPU.ActiveCfg = Release|Any CPU
		{BA535229-47CB-4025-8B72-800D70F8CEE7}.Release|Any CPU.Build.0 = Release|Any CPU
	EndGlobalSection
	GlobalSection(SolutionProperties) = preSolution
		HideSolutionNode = FALSE
	EndGlobalSection
	GlobalSection(ExtensibilityGlobals) = postSolution
		SolutionGuid = {38E23351-D640-4D02-AEA3-DAA86E97E82F}
	EndGlobalSection
EndGlobal
